
Microsoft Visual Studio Solution File, Format Version 12.00
# Visual Studio Version 17
VisualStudioVersion = 17.11.35327.3
MinimumVisualStudioVersion = 10.0.40219.1
Project("{FAE04EC0-301F-11D3-BF4B-00C04F79EFBC}") = "MnagementAPI", "MnagementAPI.csproj", "{1C3FB4E9-C8C7-4EB5-B55F-830F5AB6E195}"
EndProject
Global
	GlobalSection(SolutionConfigurationPlatforms) = preSolution
		Debug|Any CPU = Debug|Any CPU
		Release|Any CPU = Release|Any CPU
	EndGlobalSection
	GlobalSection(ProjectConfigurationPlatforms) = postSolution
		{1C3FB4E9-C8C7-4EB5-B55F-830F5AB6E195}.Debug|Any CPU.ActiveCfg = Debug|Any CPU
		{1C3FB4E9-C8C7-4EB5-B55F-830F5AB6E195}.Debug|Any CPU.Build.0 = Debug|Any CPU
		{1C3FB4E9-C8C7-4EB5-B55F-830F5AB6E195}.Release|Any CPU.ActiveCfg = Release|Any CPU
		{1C3FB4E9-C8C7-4EB5-B55F-830F5AB6E195}.Release|Any CPU.Build.0 = Release|Any CPU
	EndGlobalSection
	GlobalSection(SolutionProperties) = preSolution
		HideSolutionNode = FALSE
	EndGlobalSection
	GlobalSection(ExtensibilityGlobals) = postSolution
		SolutionGuid = {6B8357E6-8390-4FEE-A633-516F0144287F}
	EndGlobalSection
EndGlobal
