
Microsoft Visual Studio Solution File, Format Version 12.00
# Visual Studio Version 17
VisualStudioVersion = 17.11.35327.3
MinimumVisualStudioVersion = 10.0.40219.1
Project("{9A19103F-16F7-4668-BE54-9A1E7A4F7556}") = "ManagementClient", "ManagementClient.csproj", "{76977435-5AD8-4DB3-9C78-4625C0161A58}"
EndProject
Global
	GlobalSection(SolutionConfigurationPlatforms) = preSolution
		Debug|Any CPU = Debug|Any CPU
		Release|Any CPU = Release|Any CPU
	EndGlobalSection
	GlobalSection(ProjectConfigurationPlatforms) = postSolution
		{76977435-5AD8-4DB3-9C78-4625C0161A58}.Debug|Any CPU.ActiveCfg = Release|Any CPU
		{76977435-5AD8-4DB3-9C78-4625C0161A58}.Debug|Any CPU.Build.0 = Release|Any CPU
		{76977435-5AD8-4DB3-9C78-4625C0161A58}.Debug|Any CPU.Deploy.0 = Release|Any CPU
		{76977435-5AD8-4DB3-9C78-4625C0161A58}.Release|Any CPU.ActiveCfg = Release|Any CPU
		{76977435-5AD8-4DB3-9C78-4625C0161A58}.Release|Any CPU.Build.0 = Release|Any CPU
		{76977435-5AD8-4DB3-9C78-4625C0161A58}.Release|Any CPU.Deploy.0 = Release|Any CPU
	EndGlobalSection
	GlobalSection(SolutionProperties) = preSolution
		HideSolutionNode = FALSE
	EndGlobalSection
	GlobalSection(ExtensibilityGlobals) = postSolution
		SolutionGuid = {7477CC5D-13E2-4E0D-9A94-883C5EFE4673}
	EndGlobalSection
EndGlobal
